
Microsoft Visual Studio Solution File, Format Version 12.00
# Visual Studio Version 17
VisualStudioVersion = 17.5.002.0
MinimumVisualStudioVersion = 10.0.40219.1
Project("{2150E333-8FDC-42A3-9474-1A3956D46DE8}") = "csharp-prep", "csharp-prep", "{33819F33-191D-49BA-9C8A-98893D04C0D1}"
EndProject
Project("{9A19103F-16F7-4668-BE54-9A1E7A4F7556}") = "Prep1", "csharp-prep\Prep1\Prep1.csproj", "{9820A722-F239-48C5-BAE8-610304FBAEB2}"
EndProject
Project("{9A19103F-16F7-4668-BE54-9A1E7A4F7556}") = "Prep2", "csharp-prep\Prep2\Prep2.csproj", "{DEF9676A-B346-45E2-87ED-800D3AB12DC1}"
EndProject
Project("{9A19103F-16F7-4668-BE54-9A1E7A4F7556}") = "Prep3", "csharp-prep\Prep3\Prep3.csproj", "{B3BE3C13-8FF4-4166-A45B-EFF697EC7B71}"
EndProject
Project("{9A19103F-16F7-4668-BE54-9A1E7A4F7556}") = "Prep4", "csharp-prep\Prep4\Prep4.csproj", "{30B3281C-71F8-4F14-8A3D-90BB39A15564}"
EndProject
Project("{9A19103F-16F7-4668-BE54-9A1E7A4F7556}") = "Prep5", "csharp-prep\Prep5\Prep5.csproj", "{59C8413F-8A3E-4A1E-B3A0-116346630CA6}"
EndProject
Project("{2150E333-8FDC-42A3-9474-1A3956D46DE8}") = "final", "final", "{94F3B333-A7CF-4245-A018-890C09285304}"
EndProject
Project("{9A19103F-16F7-4668-BE54-9A1E7A4F7556}") = "FinalProject", "final\FinalProject\FinalProject.csproj", "{E2B1ACDA-E3B2-4F9A-AA93-FB893AE0D4CC}"
EndProject
Project("{9A19103F-16F7-4668-BE54-9A1E7A4F7556}") = "Foundation1", "final\Foundation1\Foundation1.csproj", "{DF89B82F-A4BC-4FE6-8613-525843985ED8}"
EndProject
Project("{9A19103F-16F7-4668-BE54-9A1E7A4F7556}") = "Foundation2", "final\Foundation2\Foundation2.csproj", "{4B4A26C1-EFCD-4830-B968-4AFEB1D50E06}"
EndProject
Project("{9A19103F-16F7-4668-BE54-9A1E7A4F7556}") = "Foundation3", "final\Foundation3\Foundation3.csproj", "{2B16DB41-9C76-4CF2-83AE-73DD66D7B4BC}"
EndProject
Project("{9A19103F-16F7-4668-BE54-9A1E7A4F7556}") = "Foundation4", "final\Foundation4\Foundation4.csproj", "{02E2EC40-3AEB-4658-B911-5E605BA00B89}"
EndProject
Project("{2150E333-8FDC-42A3-9474-1A3956D46DE8}") = "prepare", "prepare", "{2CC47FA9-445B-497B-9ECE-CC2228BFC0F4}"
EndProject
Project("{9A19103F-16F7-4668-BE54-9A1E7A4F7556}") = "Learning02", "prepare\Learning02\Learning02.csproj", "{05F5C92A-749C-4B6F-A2F5-5B35049A8F8F}"
EndProject
Project("{9A19103F-16F7-4668-BE54-9A1E7A4F7556}") = "Learning03", "prepare\Learning03\Learning03.csproj", "{C7538F04-889E-4311-9ED6-470EE4D1883C}"
EndProject
Project("{9A19103F-16F7-4668-BE54-9A1E7A4F7556}") = "Learning04", "prepare\Learning04\Learning04.csproj", "{ABCA1138-FF79-40C5-8F5B-6B1D667E2EAD}"
EndProject
Project("{9A19103F-16F7-4668-BE54-9A1E7A4F7556}") = "Learning05", "prepare\Learning05\Learning05.csproj", "{6B0F187D-52D9-408D-899F-134A07E4AF84}"
EndProject
Project("{2150E333-8FDC-42A3-9474-1A3956D46DE8}") = "prove", "prove", "{A3D87DEF-F6FF-444F-93B8-7274358073F7}"
EndProject
Project("{9A19103F-16F7-4668-BE54-9A1E7A4F7556}") = "Develop02", "prove\Develop02\Develop02.csproj", "{D019BC28-E268-47AA-8505-6D3C365BA4F9}"
EndProject
Project("{9A19103F-16F7-4668-BE54-9A1E7A4F7556}") = "Develop03", "prove\Develop03\Develop03.csproj", "{41D99555-BCDB-4AC3-BAFE-2B18290ED110}"
EndProject
Project("{9A19103F-16F7-4668-BE54-9A1E7A4F7556}") = "Develop04", "prove\Develop04\Develop04.csproj", "{F1CC2694-9C07-400C-A2CD-0DEEDACE35CF}"
EndProject
Project("{9A19103F-16F7-4668-BE54-9A1E7A4F7556}") = "Develop05", "prove\Develop05\Develop05.csproj", "{D148924B-408C-472E-9F06-C8BB28E54B8F}"
EndProject
Project("{2150E333-8FDC-42A3-9474-1A3956D46DE8}") = "sandbox", "sandbox", "{20765EFD-5974-4C22-8D5B-05B2D3A8445F}"
EndProject
Project("{9A19103F-16F7-4668-BE54-9A1E7A4F7556}") = "Sandbox", "sandbox\Sandbox\Sandbox.csproj", "{5F8B0BDF-0283-4A02-8C59-A55B81DF79C4}"
EndProject
Global
	GlobalSection(SolutionConfigurationPlatforms) = preSolution
		Debug|Any CPU = Debug|Any CPU
		Release|Any CPU = Release|Any CPU
	EndGlobalSection
	GlobalSection(ProjectConfigurationPlatforms) = postSolution
		{9820A722-F239-48C5-BAE8-610304FBAEB2}.Debug|Any CPU.ActiveCfg = Debug|Any CPU
		{9820A722-F239-48C5-BAE8-610304FBAEB2}.Debug|Any CPU.Build.0 = Debug|Any CPU
		{9820A722-F239-48C5-BAE8-610304FBAEB2}.Release|Any CPU.ActiveCfg = Release|Any CPU
		{9820A722-F239-48C5-BAE8-610304FBAEB2}.Release|Any CPU.Build.0 = Release|Any CPU
		{DEF9676A-B346-45E2-87ED-800D3AB12DC1}.Debug|Any CPU.ActiveCfg = Debug|Any CPU
		{DEF9676A-B346-45E2-87ED-800D3AB12DC1}.Debug|Any CPU.Build.0 = Debug|Any CPU
		{DEF9676A-B346-45E2-87ED-800D3AB12DC1}.Release|Any CPU.ActiveCfg = Release|Any CPU
		{DEF9676A-B346-45E2-87ED-800D3AB12DC1}.Release|Any CPU.Build.0 = Release|Any CPU
		{B3BE3C13-8FF4-4166-A45B-EFF697EC7B71}.Debug|Any CPU.ActiveCfg = Debug|Any CPU
		{B3BE3C13-8FF4-4166-A45B-EFF697EC7B71}.Debug|Any CPU.Build.0 = Debug|Any CPU
		{B3BE3C13-8FF4-4166-A45B-EFF697EC7B71}.Release|Any CPU.ActiveCfg = Release|Any CPU
		{B3BE3C13-8FF4-4166-A45B-EFF697EC7B71}.Release|Any CPU.Build.0 = Release|Any CPU
		{30B3281C-71F8-4F14-8A3D-90BB39A15564}.Debug|Any CPU.ActiveCfg = Debug|Any CPU
		{30B3281C-71F8-4F14-8A3D-90BB39A15564}.Debug|Any CPU.Build.0 = Debug|Any CPU
		{30B3281C-71F8-4F14-8A3D-90BB39A15564}.Release|Any CPU.ActiveCfg = Release|Any CPU
		{30B3281C-71F8-4F14-8A3D-90BB39A15564}.Release|Any CPU.Build.0 = Release|Any CPU
		{59C8413F-8A3E-4A1E-B3A0-116346630CA6}.Debug|Any CPU.ActiveCfg = Debug|Any CPU
		{59C8413F-8A3E-4A1E-B3A0-116346630CA6}.Debug|Any CPU.Build.0 = Debug|Any CPU
		{59C8413F-8A3E-4A1E-B3A0-116346630CA6}.Release|Any CPU.ActiveCfg = Release|Any CPU
		{59C8413F-8A3E-4A1E-B3A0-116346630CA6}.Release|Any CPU.Build.0 = Release|Any CPU
		{E2B1ACDA-E3B2-4F9A-AA93-FB893AE0D4CC}.Debug|Any CPU.ActiveCfg = Debug|Any CPU
		{E2B1ACDA-E3B2-4F9A-AA93-FB893AE0D4CC}.Debug|Any CPU.Build.0 = Debug|Any CPU
		{E2B1ACDA-E3B2-4F9A-AA93-FB893AE0D4CC}.Release|Any CPU.ActiveCfg = Release|Any CPU
		{E2B1ACDA-E3B2-4F9A-AA93-FB893AE0D4CC}.Release|Any CPU.Build.0 = Release|Any CPU
		{DF89B82F-A4BC-4FE6-8613-525843985ED8}.Debug|Any CPU.ActiveCfg = Debug|Any CPU
		{DF89B82F-A4BC-4FE6-8613-525843985ED8}.Debug|Any CPU.Build.0 = Debug|Any CPU
		{DF89B82F-A4BC-4FE6-8613-525843985ED8}.Release|Any CPU.ActiveCfg = Release|Any CPU
		{DF89B82F-A4BC-4FE6-8613-525843985ED8}.Release|Any CPU.Build.0 = Release|Any CPU
		{4B4A26C1-EFCD-4830-B968-4AFEB1D50E06}.Debug|Any CPU.ActiveCfg = Debug|Any CPU
		{4B4A26C1-EFCD-4830-B968-4AFEB1D50E06}.Debug|Any CPU.Build.0 = Debug|Any CPU
		{4B4A26C1-EFCD-4830-B968-4AFEB1D50E06}.Release|Any CPU.ActiveCfg = Release|Any CPU
		{4B4A26C1-EFCD-4830-B968-4AFEB1D50E06}.Release|Any CPU.Build.0 = Release|Any CPU
		{2B16DB41-9C76-4CF2-83AE-73DD66D7B4BC}.Debug|Any CPU.ActiveCfg = Debug|Any CPU
		{2B16DB41-9C76-4CF2-83AE-73DD66D7B4BC}.Debug|Any CPU.Build.0 = Debug|Any CPU
		{2B16DB41-9C76-4CF2-83AE-73DD66D7B4BC}.Release|Any CPU.ActiveCfg = Release|Any CPU
		{2B16DB41-9C76-4CF2-83AE-73DD66D7B4BC}.Release|Any CPU.Build.0 = Release|Any CPU
		{02E2EC40-3AEB-4658-B911-5E605BA00B89}.Debug|Any CPU.ActiveCfg = Debug|Any CPU
		{02E2EC40-3AEB-4658-B911-5E605BA00B89}.Debug|Any CPU.Build.0 = Debug|Any CPU
		{02E2EC40-3AEB-4658-B911-5E605BA00B89}.Release|Any CPU.ActiveCfg = Release|Any CPU
		{02E2EC40-3AEB-4658-B911-5E605BA00B89}.Release|Any CPU.Build.0 = Release|Any CPU
		{05F5C92A-749C-4B6F-A2F5-5B35049A8F8F}.Debug|Any CPU.ActiveCfg = Debug|Any CPU
		{05F5C92A-749C-4B6F-A2F5-5B35049A8F8F}.Debug|Any CPU.Build.0 = Debug|Any CPU
		{05F5C92A-749C-4B6F-A2F5-5B35049A8F8F}.Release|Any CPU.ActiveCfg = Release|Any CPU
		{05F5C92A-749C-4B6F-A2F5-5B35049A8F8F}.Release|Any CPU.Build.0 = Release|Any CPU
		{C7538F04-889E-4311-9ED6-470EE4D1883C}.Debug|Any CPU.ActiveCfg = Debug|Any CPU
		{C7538F04-889E-4311-9ED6-470EE4D1883C}.Debug|Any CPU.Build.0 = Debug|Any CPU
		{C7538F04-889E-4311-9ED6-470EE4D1883C}.Release|Any CPU.ActiveCfg = Release|Any CPU
		{C7538F04-889E-4311-9ED6-470EE4D1883C}.Release|Any CPU.Build.0 = Release|Any CPU
		{ABCA1138-FF79-40C5-8F5B-6B1D667E2EAD}.Debug|Any CPU.ActiveCfg = Debug|Any CPU
		{ABCA1138-FF79-40C5-8F5B-6B1D667E2EAD}.Debug|Any CPU.Build.0 = Debug|Any CPU
		{ABCA1138-FF79-40C5-8F5B-6B1D667E2EAD}.Release|Any CPU.ActiveCfg = Release|Any CPU
		{ABCA1138-FF79-40C5-8F5B-6B1D667E2EAD}.Release|Any CPU.Build.0 = Release|Any CPU
		{6B0F187D-52D9-408D-899F-134A07E4AF84}.Debug|Any CPU.ActiveCfg = Debug|Any CPU
		{6B0F187D-52D9-408D-899F-134A07E4AF84}.Debug|Any CPU.Build.0 = Debug|Any CPU
		{6B0F187D-52D9-408D-899F-134A07E4AF84}.Release|Any CPU.ActiveCfg = Release|Any CPU
		{6B0F187D-52D9-408D-899F-134A07E4AF84}.Release|Any CPU.Build.0 = Release|Any CPU
		{D019BC28-E268-47AA-8505-6D3C365BA4F9}.Debug|Any CPU.ActiveCfg = Debug|Any CPU
		{D019BC28-E268-47AA-8505-6D3C365BA4F9}.Debug|Any CPU.Build.0 = Debug|Any CPU
		{D019BC28-E268-47AA-8505-6D3C365BA4F9}.Release|Any CPU.ActiveCfg = Release|Any CPU
		{D019BC28-E268-47AA-8505-6D3C365BA4F9}.Release|Any CPU.Build.0 = Release|Any CPU
		{41D99555-BCDB-4AC3-BAFE-2B18290ED110}.Debug|Any CPU.ActiveCfg = Debug|Any CPU
		{41D99555-BCDB-4AC3-BAFE-2B18290ED110}.Debug|Any CPU.Build.0 = Debug|Any CPU
		{41D99555-BCDB-4AC3-BAFE-2B18290ED110}.Release|Any CPU.ActiveCfg = Release|Any CPU
		{41D99555-BCDB-4AC3-BAFE-2B18290ED110}.Release|Any CPU.Build.0 = Release|Any CPU
		{F1CC2694-9C07-400C-A2CD-0DEEDACE35CF}.Debug|Any CPU.ActiveCfg = Debug|Any CPU
		{F1CC2694-9C07-400C-A2CD-0DEEDACE35CF}.Debug|Any CPU.Build.0 = Debug|Any CPU
		{F1CC2694-9C07-400C-A2CD-0DEEDACE35CF}.Release|Any CPU.ActiveCfg = Release|Any CPU
		{F1CC2694-9C07-400C-A2CD-0DEEDACE35CF}.Release|Any CPU.Build.0 = Release|Any CPU
		{D148924B-408C-472E-9F06-C8BB28E54B8F}.Debug|Any CPU.ActiveCfg = Debug|Any CPU
		{D148924B-408C-472E-9F06-C8BB28E54B8F}.Debug|Any CPU.Build.0 = Debug|Any CPU
		{D148924B-408C-472E-9F06-C8BB28E54B8F}.Release|Any CPU.ActiveCfg = Release|Any CPU
		{D148924B-408C-472E-9F06-C8BB28E54B8F}.Release|Any CPU.Build.0 = Release|Any CPU
		{5F8B0BDF-0283-4A02-8C59-A55B81DF79C4}.Debug|Any CPU.ActiveCfg = Debug|Any CPU
		{5F8B0BDF-0283-4A02-8C59-A55B81DF79C4}.Debug|Any CPU.Build.0 = Debug|Any CPU
		{5F8B0BDF-0283-4A02-8C59-A55B81DF79C4}.Release|Any CPU.ActiveCfg = Release|Any CPU
		{5F8B0BDF-0283-4A02-8C59-A55B81DF79C4}.Release|Any CPU.Build.0 = Release|Any CPU
	EndGlobalSection
	GlobalSection(SolutionProperties) = preSolution
		HideSolutionNode = FALSE
	EndGlobalSection
	GlobalSection(NestedProjects) = preSolution
		{9820A722-F239-48C5-BAE8-610304FBAEB2} = {33819F33-191D-49BA-9C8A-98893D04C0D1}
		{DEF9676A-B346-45E2-87ED-800D3AB12DC1} = {33819F33-191D-49BA-9C8A-98893D04C0D1}
		{B3BE3C13-8FF4-4166-A45B-EFF697EC7B71} = {33819F33-191D-49BA-9C8A-98893D04C0D1}
		{30B3281C-71F8-4F14-8A3D-90BB39A15564} = {33819F33-191D-49BA-9C8A-98893D04C0D1}
		{59C8413F-8A3E-4A1E-B3A0-116346630CA6} = {33819F33-191D-49BA-9C8A-98893D04C0D1}
		{E2B1ACDA-E3B2-4F9A-AA93-FB893AE0D4CC} = {94F3B333-A7CF-4245-A018-890C09285304}
		{DF89B82F-A4BC-4FE6-8613-525843985ED8} = {94F3B333-A7CF-4245-A018-890C09285304}
		{4B4A26C1-EFCD-4830-B968-4AFEB1D50E06} = {94F3B333-A7CF-4245-A018-890C09285304}
		{2B16DB41-9C76-4CF2-83AE-73DD66D7B4BC} = {94F3B333-A7CF-4245-A018-890C09285304}
		{02E2EC40-3AEB-4658-B911-5E605BA00B89} = {94F3B333-A7CF-4245-A018-890C09285304}
		{05F5C92A-749C-4B6F-A2F5-5B35049A8F8F} = {2CC47FA9-445B-497B-9ECE-CC2228BFC0F4}
		{C7538F04-889E-4311-9ED6-470EE4D1883C} = {2CC47FA9-445B-497B-9ECE-CC2228BFC0F4}
		{ABCA1138-FF79-40C5-8F5B-6B1D667E2EAD} = {2CC47FA9-445B-497B-9ECE-CC2228BFC0F4}
		{6B0F187D-52D9-408D-899F-134A07E4AF84} = {2CC47FA9-445B-497B-9ECE-CC2228BFC0F4}
		{D019BC28-E268-47AA-8505-6D3C365BA4F9} = {A3D87DEF-F6FF-444F-93B8-7274358073F7}
		{41D99555-BCDB-4AC3-BAFE-2B18290ED110} = {A3D87DEF-F6FF-444F-93B8-7274358073F7}
		{F1CC2694-9C07-400C-A2CD-0DEEDACE35CF} = {A3D87DEF-F6FF-444F-93B8-7274358073F7}
		{D148924B-408C-472E-9F06-C8BB28E54B8F} = {A3D87DEF-F6FF-444F-93B8-7274358073F7}
		{5F8B0BDF-0283-4A02-8C59-A55B81DF79C4} = {20765EFD-5974-4C22-8D5B-05B2D3A8445F}
	EndGlobalSection
	GlobalSection(ExtensibilityGlobals) = postSolution
		SolutionGuid = {916DC9F5-A7FB-41A7-95CB-3C968CF76AAB}
	EndGlobalSection
EndGlobal
